
Microsoft Visual Studio Solution File, Format Version 12.00
# Visual Studio Version 16
VisualStudioVersion = 16.0.31911.196
MinimumVisualStudioVersion = 10.0.40219.1
Project("{8BC9CEB8-8B4A-11D0-8D11-00A0C91BC942}") = "User-mode", "User-mode.vcxproj", "{7FC840BC-84C9-4687-8525-BF0255CF2FE9}"
EndProject
Global
	GlobalSection(SolutionConfigurationPlatforms) = preSolution
		Debug|x64 = Debug|x64
		Debug|x86 = Debug|x86
		Release|x64 = Release|x64
		Release|x86 = Release|x86
	EndGlobalSection
	GlobalSection(ProjectConfigurationPlatforms) = postSolution
		{7FC840BC-84C9-4687-8525-BF0255CF2FE9}.Debug|x64.ActiveCfg = Debug|x64
		{7FC840BC-84C9-4687-8525-BF0255CF2FE9}.Debug|x64.Build.0 = Debug|x64
		{7FC840BC-84C9-4687-8525-BF0255CF2FE9}.Debug|x86.ActiveCfg = Debug|Win32
		{7FC840BC-84C9-4687-8525-BF0255CF2FE9}.Debug|x86.Build.0 = Debug|Win32
		{7FC840BC-84C9-4687-8525-BF0255CF2FE9}.Release|x64.ActiveCfg = Release|x64
		{7FC840BC-84C9-4687-8525-BF0255CF2FE9}.Release|x64.Build.0 = Release|x64
		{7FC840BC-84C9-4687-8525-BF0255CF2FE9}.Release|x86.ActiveCfg = Release|Win32
		{7FC840BC-84C9-4687-8525-BF0255CF2FE9}.Release|x86.Build.0 = Release|Win32
	EndGlobalSection
	GlobalSection(SolutionProperties) = preSolution
		HideSolutionNode = FALSE
	EndGlobalSection
	GlobalSection(ExtensibilityGlobals) = postSolution
		SolutionGuid = {7A54EA35-F66E-4094-A72E-E5E4864F5F27}
	EndGlobalSection
EndGlobal
